{
  "name": "json-formost-bootstrap4",
  "version": "0.0.1",
  "lockfileVersion": 1,
  "requires": true,
  "dependencies": {
    "@json-formost/core": {
      "version": "0.0.1-a",
      "resolved": "https://registry.npmjs.org/@json-formost/core/-/core-0.0.1-a.tgz",
      "integrity": "sha512-J0Dgz3u1RIGMVbvYo+epusaM3+7vyfSDhWNxrpVakLI3e8ZCg2OPa9hwjPC/ajXa1hr453B/dLrORXDAVH239g==",
      "requires": {
        "tslib": "^2.0.0"
      },
      "dependencies": {
        "tslib": {
          "version": "2.0.0",
          "resolved": "https://registry.npmjs.org/tslib/-/tslib-2.0.0.tgz",
          "integrity": "sha512-lTqkx847PI7xEDYJntxZH89L2/aXInsyF2luSafe/+0fHOMjlBNXdH6th7f70qxLDhul7KZK0zC8V5ZIyHl0/g=="
        }
      }
    }
  }
}
